lockfileVersion: '9.0'

settings:
  autoInstallPeers: true
  excludeLinksFromLockfile: false

importers:

  .:
    devDependencies:
      turbo:
        specifier: ^2.5.0
        version: 2.9.11

  packages/config: {}

  packages/types:
    devDependencies:
      typescript:
        specifier: ^5.8.0
        version: 5.9.3

  packages/ui:
    devDependencies:
      '@types/react':
        specifier: ^19.0.0
        version: 19.2.14
      react:
        specifier: ^19.0.0
        version: 19.2.6
      typescript:
        specifier: ^5.8.0
        version: 5.9.3

packages:

  '@turbo/darwin-64@2.9.11':
    resolution: {integrity: sha512-bL9Bc6q1xoXXQEpsKZE8fRggMyktiMPbPCnmBmbLpkK5v00X1ffQHzaR7obOSENTZj895W6dE5UhDiQISim7dQ==}
    cpu: [x64]
    os: [darwin]

  '@turbo/darwin-arm64@2.9.11':
    resolution: {integrity: sha512-LjSW6JOZq9wsmDTeFdfpD8vjAK9AC4UVGTvuxSkKz70ykVAJ21d+ek997PFdMVvMqJjOWn2qGGe+iT6Lcuwuag==}
    cpu: [arm64]
    os: [darwin]

  '@turbo/linux-64@2.9.11':
    resolution: {integrity: sha512-xSUU3bo1ot2P8x/KetHgk1GLEa+uJjwzSR0oM0tpK2yz5M8g3fRVyEPe26pA/W3LQ3hpX3pJYX+QkILI1H3zjQ==}
    cpu: [x64]
    os: [linux]

  '@turbo/linux-arm64@2.9.11':
    resolution: {integrity: sha512-hlBrHN0XzrBRWuZaVrYZssKyqHN8xpz5UfuvBVStaPmprLLmS/Q8hB8ZF6GJEE69IGlVZusiGz25aiq9g+ScGw==}
    cpu: [arm64]
    os: [linux]

  '@turbo/windows-64@2.9.11':
    resolution: {integrity: sha512-b4IVTby0je7CmqokMS3UaeF09PATwHkka1A75Sq7e0YgY56i0lHGXDyENpwEHZKNKLzPnpMKQ3JQM8cg1+F35Q==}
    cpu: [x64]
    os: [win32]

  '@turbo/windows-arm64@2.9.11':
    resolution: {integrity: sha512-2fbUUcwaP2cbbcJWrZjk2cc5xl7zZyfdpEf8/S9tsd9ZqHYVyP69ENXYRmX8W+BeUrKtPnLG3ex/E9bagzVr/A==}
    cpu: [arm64]
    os: [win32]

  '@types/react@19.2.14':
    resolution: {integrity: sha512-ilcTH/UniCkMdtexkoCN0bI7pMcJDvmQFPvuPvmEaYA/NSfFTAgdUSLAoVjaRJm7+6PvcM+q1zYOwS4wTYMF9w==}

  csstype@3.2.3:
    resolution: {integrity: sha512-z1HGKcYy2xA8AGQfwrn0PAy+PB7X/GSj3UVJW9qKyn43xWa+gl5nXmU4qqLMRzWVLFC8KusUX8T/0kCiOYpAIQ==}

  react@19.2.6:
    resolution: {integrity: sha512-sfWGGfavi0xr8Pg0sVsyHMAOziVYKgPLNrS7ig+ivMNb3wbCBw3KxtflsGBAwD3gYQlE/AEZsTLgToRrSCjb0Q==}
    engines: {node: '>=0.10.0'}

  turbo@2.9.11:
    resolution: {integrity: sha512-4+0uFViM8ORa6hT1eLZLZRRPZaoywvpHQRgvLH/Q2uq5nLKKRPUiDeBEuYZmknkDYAZYc1yJuYJapk3ej9cUVw==}
    hasBin: true

  typescript@5.9.3:
    resolution: {integrity: sha512-jl1vZzPDinLr9eUt3J/t7V6FgNEw9QjvBPdysz9KfQDD41fQrC2Y4vKQdiaUpFT4bXlb1RHhLpp8wtm6M5TgSw==}
    engines: {node: '>=14.17'}
    hasBin: true

snapshots:

  '@turbo/darwin-64@2.9.11':
    optional: true

  '@turbo/darwin-arm64@2.9.11':
    optional: true

  '@turbo/linux-64@2.9.11':
    optional: true

  '@turbo/linux-arm64@2.9.11':
    optional: true

  '@turbo/windows-64@2.9.11':
    optional: true

  '@turbo/windows-arm64@2.9.11':
    optional: true

  '@types/react@19.2.14':
    dependencies:
      csstype: 3.2.3

  csstype@3.2.3: {}

  react@19.2.6: {}

  turbo@2.9.11:
    optionalDependencies:
      '@turbo/darwin-64': 2.9.11
      '@turbo/darwin-arm64': 2.9.11
      '@turbo/linux-64': 2.9.11
      '@turbo/linux-arm64': 2.9.11
      '@turbo/windows-64': 2.9.11
      '@turbo/windows-arm64': 2.9.11

  typescript@5.9.3: {}
